// !$*UTF8*$!
{
	archiveVersion = 1;
	classes = {
	};
	objectVersion = 46;
	objects = {

/* Begin PBXBuildFile section */
		37F278171C2A74A10052C76A /* AppKit.framework in Frameworks */ = {isa = PBXBuildFile; fileRef = 37F278161C2A74A10052C76A /* AppKit.framework */; };
		37F278191C2A74A10052C76A /* Foundation.framework in Frameworks */ = {isa = PBXBuildFile; fileRef = 37F278181C2A74A10052C76A /* Foundation.framework */; };
		37F2781D1C2A74A10052C76A /* fullfind.xcscheme in Resources */ = {isa = PBXBuildFile; fileRef = 37F2781C1C2A74A10052C76A /* fullfind.xcscheme */; };
		37F278201C2A74A10052C76A /* fullfind.m in Sources */ = {isa = PBXBuildFile; fileRef = 37F2781F1C2A74A10052C76A /* fullfind.m */; };
		37F278231C2A74A10052C76A /* NSObject_Extension.m in Sources */ = {isa = PBXBuildFile; fileRef = 37F278221C2A74A10052C76A /* NSObject_Extension.m */; };
/* End PBXBuildFile section */

/* Begin PBXFileReference section */
		37F278131C2A74A00052C76A /* fullfind.xcplugin */ = {isa = PBXFileReference; explicitFileType = wrapper.cfbundle; includeInIndex = 0; path = fullfind.xcplugin; sourceTree = BUILT_PRODUCTS_DIR; };
		37F278161C2A74A10052C76A /* AppKit.framework */ = {isa = PBXFileReference; lastKnownFileType = wrapper.framework; name = AppKit.framework; path = /System/Library/Frameworks/AppKit.framework; sourceTree = "<absolute>"; };
		37F278181C2A74A10052C76A /* Foundation.framework */ = {isa = PBXFileReference; lastKnownFileType = wrapper.framework; name = Foundation.framework; path = /System/Library/Frameworks/Foundation.framework; sourceTree = "<absolute>"; };
		37F2781C1C2A74A10052C76A /* fullfind.xcscheme */ = {isa = PBXFileReference; lastKnownFileType = text.xml; name = fullfind.xcscheme; path = fullfind.xcodeproj/xcshareddata/xcschemes/fullfind.xcscheme; sourceTree = SOURCE_ROOT; };
		37F2781E1C2A74A10052C76A /* fullfind.h */ = {isa = PBXFileReference; lastKnownFileType = sourcecode.c.h; path = fullfind.h; sourceTree = "<group>"; };
		37F2781F1C2A74A10052C76A /* fullfind.m */ = {isa = PBXFileReference; lastKnownFileType = sourcecode.c.objc; path = fullfind.m; sourceTree = "<group>"; };
		37F278211C2A74A10052C76A /* NSObject_Extension.h */ = {isa = PBXFileReference; lastKnownFileType = sourcecode.c.h; path = NSObject_Extension.h; sourceTree = "<group>"; };
		37F278221C2A74A10052C76A /* NSObject_Extension.m */ = {isa = PBXFileReference; lastKnownFileType = sourcecode.c.objc; path = NSObject_Extension.m; sourceTree = "<group>"; };
		37F278241C2A74A10052C76A /* Info.plist */ = {isa = PBXFileReference; lastKnownFileType = text.plist.xml; path = Info.plist; sourceTree = "<group>"; };
/* End PBXFileReference section */

/* Begin PBXFrameworksBuildPhase section */
		37F278111C2A74A00052C76A /* Frameworks */ = {
			isa = PBXFrameworksBuildPhase;
			buildActionMask = 2147483647;
			files = (
				37F278171C2A74A10052C76A /* AppKit.framework in Frameworks */,
				37F278191C2A74A10052C76A /* Foundation.framework in Frameworks */,
			);
			runOnlyForDeploymentPostprocessing = 0;
		};
/* End PBXFrameworksBuildPhase section */

/* Begin PBXGroup section */
		37F2780A1C2A74A00052C76A = {
			isa = PBXGroup;
			children = (
				37F2781A1C2A74A10052C76A /* fullfind */,
				37F278151C2A74A00052C76A /* Frameworks */,
				37F278141C2A74A00052C76A /* Products */,
			);
			sourceTree = "<group>";
		};
		37F278141C2A74A00052C76A /* Products */ = {
			isa = PBXGroup;
			children = (
				37F278131C2A74A00052C76A /* fullfind.xcplugin */,
			);
			name = Products;
			sourceTree = "<group>";
		};
		37F278151C2A74A00052C76A /* Frameworks */ = {
			isa = PBXGroup;
			children = (
				37F278161C2A74A10052C76A /* AppKit.framework */,
				37F278181C2A74A10052C76A /* Foundation.framework */,
			);
			name = Frameworks;
			sourceTree = "<group>";
		};
		37F2781A1C2A74A10052C76A /* fullfind */ = {
			isa = PBXGroup;
			children = (
				37F2781E1C2A74A10052C76A /* fullfind.h */,
				37F2781F1C2A74A10052C76A /* fullfind.m */,
				37F278211C2A74A10052C76A /* NSObject_Extension.h */,
				37F278221C2A74A10052C76A /* NSObject_Extension.m */,
				37F278241C2A74A10052C76A /* Info.plist */,
				37F2781B1C2A74A10052C76A /* Supporting Files */,
			);
			path = fullfind;
			sourceTree = "<group>";
		};
		37F2781B1C2A74A10052C76A /* Supporting Files */ = {
			isa = PBXGroup;
			children = (
				37F2781C1C2A74A10052C76A /* fullfind.xcscheme */,
			);
			name = "Supporting Files";
			sourceTree = "<group>";
		};
/* End PBXGroup section */

/* Begin PBXNativeTarget section */
		37F278121C2A74A00052C76A /* fullfind */ = {
			isa = PBXNativeTarget;
			buildConfigurationList = 37F278271C2A74A10052C76A /* Build configuration list for PBXNativeTarget "fullfind" */;
			buildPhases = (
				37F2780F1C2A74A00052C76A /* Sources */,
				37F278101C2A74A00052C76A /* Resources */,
				37F278111C2A74A00052C76A /* Frameworks */,
			);
			buildRules = (
			);
			dependencies = (
			);
			name = fullfind;
			productName = fullfind;
			productReference = 37F278131C2A74A00052C76A /* fullfind.xcplugin */;
			productType = "com.apple.product-type.bundle";
		};
/* End PBXNativeTarget section */

/* Begin PBXProject section */
		37F2780B1C2A74A00052C76A /* Project object */ = {
			isa = PBXProject;
			attributes = {
				LastUpgradeCheck = 0710;
				ORGANIZATIONNAME = Kent;
				TargetAttributes = {
					37F278121C2A74A00052C76A = {
						CreatedOnToolsVersion = 7.1;
					};
				};
			};
			buildConfigurationList = 37F2780E1C2A74A00052C76A /* Build configuration list for PBXProject "fullfind" */;
			compatibilityVersion = "Xcode 3.2";
			developmentRegion = English;
			hasScannedForEncodings = 0;
			knownRegions = (
				en,
			);
			mainGroup = 37F2780A1C2A74A00052C76A;
			productRefGroup = 37F278141C2A74A00052C76A /* Products */;
			projectDirPath = "";
			projectRoot = "";
			targets = (
				37F278121C2A74A00052C76A /* fullfind */,
			);
		};
/* End PBXProject section */

/* Begin PBXResourcesBuildPhase section */
		37F278101C2A74A00052C76A /* Resources */ = {
			isa = PBXResourcesBuildPhase;
			buildActionMask = 2147483647;
			files = (
				37F2781D1C2A74A10052C76A /* fullfind.xcscheme in Resources */,
			);
			runOnlyForDeploymentPostprocessing = 0;
		};
/* End PBXResourcesBuildPhase section */

/* Begin PBXSourcesBuildPhase section */
		37F2780F1C2A74A00052C76A /* Sources */ = {
			isa = PBXSourcesBuildPhase;
			buildActionMask = 2147483647;
			files = (
				37F278201C2A74A10052C76A /* fullfind.m in Sources */,
				37F278231C2A74A10052C76A /* NSObject_Extension.m in Sources */,
			);
			runOnlyForDeploymentPostprocessing = 0;
		};
/* End PBXSourcesBuildPhase section */

/* Begin XCBuildConfiguration section */
		37F278251C2A74A10052C76A /* Debug */ = {
			isa = XCBuildConfiguration;
			buildSettings = {
				ALWAYS_SEARCH_USER_PATHS = NO;
				CLANG_CXX_LANGUAGE_STANDARD = "gnu++0x";
				CLANG_CXX_LIBRARY = "libc++";
				CLANG_ENABLE_MODULES = YES;
				CLANG_ENABLE_OBJC_ARC = YES;
				CLANG_WARN_BOOL_CONVERSION = YES;
				CLANG_WARN_CONSTANT_CONVERSION = YES;
				CLANG_WARN_DIRECT_OBJC_ISA_USAGE = YES_ERROR;
				CLANG_WARN_EMPTY_BODY = YES;
				CLANG_WARN_ENUM_CONVERSION = YES;
				CLANG_WARN_INT_CONVERSION = YES;
				CLANG_WARN_OBJC_ROOT_CLASS = YES_ERROR;
				CLANG_WARN_UNREACHABLE_CODE = YES;
				CLANG_WARN__DUPLICATE_METHOD_MATCH = YES;
				COPY_PHASE_STRIP = NO;
				DEBUG_INFORMATION_FORMAT = dwarf;
				ENABLE_STRICT_OBJC_MSGSEND = YES;
				ENABLE_TESTABILITY = YES;
				GCC_C_LANGUAGE_STANDARD = gnu99;
				GCC_DYNAMIC_NO_PIC = NO;
				GCC_NO_COMMON_BLOCKS = YES;
				GCC_OPTIMIZATION_LEVEL = 0;
				GCC_PREPROCESSOR_DEFINITIONS = (
					"DEBUG=1",
					"$(inherited)",
				);
				GCC_WARN_64_TO_32_BIT_CONVERSION = YES;
				GCC_WARN_ABOUT_RETURN_TYPE = YES_ERROR;
				GCC_WARN_UNDECLARED_SELECTOR = YES;
				GCC_WARN_UNINITIALIZED_AUTOS = YES_AGGRESSIVE;
				GCC_WARN_UNUSED_FUNCTION = YES;
				GCC_WARN_UNUSED_VARIABLE = YES;
				MTL_ENABLE_DEBUG_INFO = YES;
				ONLY_ACTIVE_ARCH = YES;
			};
			name = Debug;
		};
		37F278261C2A74A10052C76A /* Release */ = {
			isa = XCBuildConfiguration;
			buildSettings = {
				ALWAYS_SEARCH_USER_PATHS = NO;
				CLANG_CXX_LANGUAGE_STANDARD = "gnu++0x";
				CLANG_CXX_LIBRARY = "libc++";
				CLANG_ENABLE_MODULES = YES;
				CLANG_ENABLE_OBJC_ARC = YES;
				CLANG_WARN_BOOL_CONVERSION = YES;
				CLANG_WARN_CONSTANT_CONVERSION = YES;
				CLANG_WARN_DIRECT_OBJC_ISA_USAGE = YES_ERROR;
				CLANG_WARN_EMPTY_BODY = YES;
				CLANG_WARN_ENUM_CONVERSION = YES;
				CLANG_WARN_INT_CONVERSION = YES;
				CLANG_WARN_OBJC_ROOT_CLASS = YES_ERROR;
				CLANG_WARN_UNREACHABLE_CODE = YES;
				CLANG_WARN__DUPLICATE_METHOD_MATCH = YES;
				COPY_PHASE_STRIP = NO;
				DEBUG_INFORMATION_FORMAT = "dwarf-with-dsym";
				ENABLE_NS_ASSERTIONS = NO;
				ENABLE_STRICT_OBJC_MSGSEND = YES;
				GCC_C_LANGUAGE_STANDARD = gnu99;
				GCC_NO_COMMON_BLOCKS = YES;
				GCC_WARN_64_TO_32_BIT_CONVERSION = YES;
				GCC_WARN_ABOUT_RETURN_TYPE = YES_ERROR;
				GCC_WARN_UNDECLARED_SELECTOR = YES;
				GCC_WARN_UNINITIALIZED_AUTOS = YES_AGGRESSIVE;
				GCC_WARN_UNUSED_FUNCTION = YES;
				GCC_WARN_UNUSED_VARIABLE = YES;
				MTL_ENABLE_DEBUG_INFO = NO;
			};
			name = Release;
		};
		37F278281C2A74A10052C76A /* Debug */ = {
			isa = XCBuildConfiguration;
			buildSettings = {
				COMBINE_HIDPI_IMAGES = YES;
				DEPLOYMENT_LOCATION = YES;
				DSTROOT = "$(HOME)";
				INFOPLIST_FILE = fullfind/Info.plist;
				INSTALL_PATH = "/Library/Application Support/Developer/Shared/Xcode/Plug-ins";
				MACOSX_DEPLOYMENT_TARGET = 10.11;
				PRODUCT_BUNDLE_IDENTIFIER = com.aroh.fullfind;
				PRODUCT_NAME = "$(TARGET_NAME)";
				WRAPPER_EXTENSION = xcplugin;
			};
			name = Debug;
		};
		37F278291C2A74A10052C76A /* Release */ = {
			isa = XCBuildConfiguration;
			buildSettings = {
				COMBINE_HIDPI_IMAGES = YES;
				DEPLOYMENT_LOCATION = YES;
				DSTROOT = "$(HOME)";
				INFOPLIST_FILE = fullfind/Info.plist;
				INSTALL_PATH = "/Library/Application Support/Developer/Shared/Xcode/Plug-ins";
				MACOSX_DEPLOYMENT_TARGET = 10.11;
				PRODUCT_BUNDLE_IDENTIFIER = com.aroh.fullfind;
				PRODUCT_NAME = "$(TARGET_NAME)";
				WRAPPER_EXTENSION = xcplugin;
			};
			name = Release;
		};
/* End XCBuildConfiguration section */

/* Begin XCConfigurationList section */
		37F2780E1C2A74A00052C76A /* Build configuration list for PBXProject "fullfind" */ = {
			isa = XCConfigurationList;
			buildConfigurations = (
				37F278251C2A74A10052C76A /* Debug */,
				37F278261C2A74A10052C76A /* Release */,
			);
			defaultConfigurationIsVisible = 0;
			defaultConfigurationName = Release;
		};
		37F278271C2A74A10052C76A /* Build configuration list for PBXNativeTarget "fullfind" */ = {
			isa = XCConfigurationList;
			buildConfigurations = (
				37F278281C2A74A10052C76A /* Debug */,
				37F278291C2A74A10052C76A /* Release */,
			);
			defaultConfigurationIsVisible = 0;
		};
/* End XCConfigurationList section */
	};
	rootObject = 37F2780B1C2A74A00052C76A /* Project object */;
}
